// !$*UTF8*$!
{
	archiveVersion = 1;
	classes = {
	};
	objectVersion = 77;
	objects = {

/* Begin PBXBuildFile section */
		94EEE2B12DB3D761008D0F81 /* Auth in Frameworks */ = {isa = PBXBuildFile; productRef = 94EEE2B02DB3D761008D0F81 /* Auth */; };
		94EEE2B32DB3D761008D0F81 /* Functions in Frameworks */ = {isa = PBXBuildFile; productRef = 94EEE2B22DB3D761008D0F81 /* Functions */; };
		94EEE2B52DB3D761008D0F81 /* PostgREST in Frameworks */ = {isa = PBXBuildFile; productRef = 94EEE2B42DB3D761008D0F81 /* PostgREST */; };
		94EEE2B72DB3D761008D0F81 /* Storage in Frameworks */ = {isa = PBXBuildFile; productRef = 94EEE2B62DB3D761008D0F81 /* Storage */; };
		94EEE2B92DB3D761008D0F81 /* Supabase in Frameworks */ = {isa = PBXBuildFile; productRef = 94EEE2B82DB3D761008D0F81 /* Supabase */; };
/* End PBXBuildFile section */

/* Begin PBXContainerItemProxy section */
		942D8D4E2DA31FF5003DD9C8 /* PBXContainerItemProxy */ = {
			isa = PBXContainerItemProxy;
			containerPortal = 942D8D352DA31FF4003DD9C8 /* Project object */;
			proxyType = 1;
			remoteGlobalIDString = 942D8D3C2DA31FF4003DD9C8;
			remoteInfo = "sna-steward";
		};
		942D8D582DA31FF5003DD9C8 /* PBXContainerItemProxy */ = {
			isa = PBXContainerItemProxy;
			containerPortal = 942D8D352DA31FF4003DD9C8 /* Project object */;
			proxyType = 1;
			remoteGlobalIDString = 942D8D3C2DA31FF4003DD9C8;
			remoteInfo = "sna-steward";
		};
/* End PBXContainerItemProxy section */

/* Begin PBXFileReference section */
		942D8D3D2DA31FF4003DD9C8 /* sna-steward.app */ = {isa = PBXFileReference; explicitFileType = wrapper.application; includeInIndex = 0; path = "sna-steward.app"; sourceTree = BUILT_PRODUCTS_DIR; };
		942D8D4D2DA31FF5003DD9C8 /* sna-stewardTests.xctest */ = {isa = PBXFileReference; explicitFileType = wrapper.cfbundle; includeInIndex = 0; path = "sna-stewardTests.xctest"; sourceTree = BUILT_PRODUCTS_DIR; };
		942D8D572DA31FF5003DD9C8 /* sna-stewardUITests.xctest */ = {isa = PBXFileReference; explicitFileType = wrapper.cfbundle; includeInIndex = 0; path = "sna-stewardUITests.xctest"; sourceTree = BUILT_PRODUCTS_DIR; };
		942D8DB32DA44AEB003DD9C8 /* sna-steward.xcodeproj */ = {isa = PBXFileReference; lastKnownFileType = "wrapper.pb-project"; path = "sna-steward.xcodeproj"; sourceTree = "<group>"; };
/* End PBXFileReference section */

/* Begin PBXFileSystemSynchronizedBuildFileExceptionSet section */
		942D8D872DA340F7003DD9C8 /* Exceptions for "sna-steward" folder in "sna-steward" target */ = {
			isa = PBXFileSystemSynchronizedBuildFileExceptionSet;
			membershipExceptions = (
				Info.plist,
			);
			target = 942D8D3C2DA31FF4003DD9C8 /* sna-steward */;
		};
		942D8D912DA35844003DD9C8 /* Exceptions for "sna-steward" folder in "sna-stewardTests" target */ = {
			isa = PBXFileSystemSynchronizedBuildFileExceptionSet;
			membershipExceptions = (
				"static-data/cannon-river-turtle-preserve-sna-bird-checklist.json",
				"static-data/cannon-river-turtle-preserve-sna-plant-checklist.json",
			);
			target = 942D8D4C2DA31FF5003DD9C8 /* sna-stewardTests */;
		};
		942D8D922DA35844003DD9C8 /* Exceptions for "sna-steward" folder in "sna-stewardUITests" target */ = {
			isa = PBXFileSystemSynchronizedBuildFileExceptionSet;
			membershipExceptions = (
				"static-data/cannon-river-turtle-preserve-sna-bird-checklist.json",
				"static-data/cannon-river-turtle-preserve-sna-plant-checklist.json",
			);
			target = 942D8D562DA31FF5003DD9C8 /* sna-stewardUITests */;
		};
/* End PBXFileSystemSynchronizedBuildFileExceptionSet section */

/* Begin PBXFileSystemSynchronizedRootGroup section */
		942D8D3F2DA31FF4003DD9C8 /* sna-steward */ = {
			isa = PBXFileSystemSynchronizedRootGroup;
			exceptions = (
				942D8D872DA340F7003DD9C8 /* Exceptions for "sna-steward" folder in "sna-steward" target */,
				942D8D912DA35844003DD9C8 /* Exceptions for "sna-steward" folder in "sna-stewardTests" target */,
				942D8D922DA35844003DD9C8 /* Exceptions for "sna-steward" folder in "sna-stewardUITests" target */,
			);
			path = "sna-steward";
			sourceTree = "<group>";
		};
		942D8D502DA31FF5003DD9C8 /* sna-stewardTests */ = {
			isa = PBXFileSystemSynchronizedRootGroup;
			path = "sna-stewardTests";
			sourceTree = "<group>";
		};
		942D8D5A2DA31FF5003DD9C8 /* sna-stewardUITests */ = {
			isa = PBXFileSystemSynchronizedRootGroup;
			path = "sna-stewardUITests";
			sourceTree = "<group>";
		};
/* End PBXFileSystemSynchronizedRootGroup section */

/* Begin PBXFrameworksBuildPhase section */
		942D8D3A2DA31FF4003DD9C8 /* Frameworks */ = {
			isa = PBXFrameworksBuildPhase;
			buildActionMask = 2147483647;
			files = (
				94EEE2B92DB3D761008D0F81 /* Supabase in Frameworks */,
				94EEE2B72DB3D761008D0F81 /* Storage in Frameworks */,
				94EEE2B52DB3D761008D0F81 /* PostgREST in Frameworks */,
				94EEE2B32DB3D761008D0F81 /* Functions in Frameworks */,
				94EEE2B12DB3D761008D0F81 /* Auth in Frameworks */,
			);
			runOnlyForDeploymentPostprocessing = 0;
		};
		942D8D4A2DA31FF5003DD9C8 /* Frameworks */ = {
			isa = PBXFrameworksBuildPhase;
			buildActionMask = 2147483647;
			files = (
			);
			runOnlyForDeploymentPostprocessing = 0;
		};
		942D8D542DA31FF5003DD9C8 /* Frameworks */ = {
			isa = PBXFrameworksBuildPhase;
			buildActionMask = 2147483647;
			files = (
			);
			runOnlyForDeploymentPostprocessing = 0;
		};
/* End PBXFrameworksBuildPhase section */

/* Begin PBXGroup section */
		942D8D342DA31FF4003DD9C8 = {
			isa = PBXGroup;
			children = (
				942D8D3F2DA31FF4003DD9C8 /* sna-steward */,
				942D8D502DA31FF5003DD9C8 /* sna-stewardTests */,
				942D8D5A2DA31FF5003DD9C8 /* sna-stewardUITests */,
				942D8D3E2DA31FF4003DD9C8 /* Products */,
			);
			sourceTree = "<group>";
		};
		942D8D3E2DA31FF4003DD9C8 /* Products */ = {
			isa = PBXGroup;
			children = (
				942D8D3D2DA31FF4003DD9C8 /* sna-steward.app */,
				942D8D4D2DA31FF5003DD9C8 /* sna-stewardTests.xctest */,
				942D8D572DA31FF5003DD9C8 /* sna-stewardUITests.xctest */,
			);
			name = Products;
			sourceTree = "<group>";
		};
		942D8DB42DA44AEB003DD9C8 /* Products */ = {
			isa = PBXGroup;
			name = Products;
			sourceTree = "<group>";
		};
/* End PBXGroup section */

/* Begin PBXNativeTarget section */
		942D8D3C2DA31FF4003DD9C8 /* sna-steward */ = {
			isa = PBXNativeTarget;
			buildConfigurationList = 942D8D612DA31FF5003DD9C8 /* Build configuration list for PBXNativeTarget "sna-steward" */;
			buildPhases = (
				942D8D392DA31FF4003DD9C8 /* Sources */,
				942D8D3A2DA31FF4003DD9C8 /* Frameworks */,
				942D8D3B2DA31FF4003DD9C8 /* Resources */,
			);
			buildRules = (
			);
			dependencies = (
			);
			fileSystemSynchronizedGroups = (
				942D8D3F2DA31FF4003DD9C8 /* sna-steward */,
			);
			name = "sna-steward";
			packageProductDependencies = (
				94EEE2B02DB3D761008D0F81 /* Auth */,
				94EEE2B22DB3D761008D0F81 /* Functions */,
				94EEE2B42DB3D761008D0F81 /* PostgREST */,
				94EEE2B62DB3D761008D0F81 /* Storage */,
				94EEE2B82DB3D761008D0F81 /* Supabase */,
			);
			productName = "sna-steward";
			productReference = 942D8D3D2DA31FF4003DD9C8 /* sna-steward.app */;
			productType = "com.apple.product-type.application";
		};
		942D8D4C2DA31FF5003DD9C8 /* sna-stewardTests */ = {
			isa = PBXNativeTarget;
			buildConfigurationList = 942D8D642DA31FF5003DD9C8 /* Build configuration list for PBXNativeTarget "sna-stewardTests" */;
			buildPhases = (
				942D8D492DA31FF5003DD9C8 /* Sources */,
				942D8D4A2DA31FF5003DD9C8 /* Frameworks */,
				942D8D4B2DA31FF5003DD9C8 /* Resources */,
			);
			buildRules = (
			);
			dependencies = (
				942D8D4F2DA31FF5003DD9C8 /* PBXTargetDependency */,
			);
			fileSystemSynchronizedGroups = (
				942D8D502DA31FF5003DD9C8 /* sna-stewardTests */,
			);
			name = "sna-stewardTests";
			packageProductDependencies = (
			);
			productName = "sna-stewardTests";
			productReference = 942D8D4D2DA31FF5003DD9C8 /* sna-stewardTests.xctest */;
			productType = "com.apple.product-type.bundle.unit-test";
		};
		942D8D562DA31FF5003DD9C8 /* sna-stewardUITests */ = {
			isa = PBXNativeTarget;
			buildConfigurationList = 942D8D672DA31FF5003DD9C8 /* Build configuration list for PBXNativeTarget "sna-stewardUITests" */;
			buildPhases = (
				942D8D532DA31FF5003DD9C8 /* Sources */,
				942D8D542DA31FF5003DD9C8 /* Frameworks */,
				942D8D552DA31FF5003DD9C8 /* Resources */,
			);
			buildRules = (
			);
			dependencies = (
				942D8D592DA31FF5003DD9C8 /* PBXTargetDependency */,
			);
			fileSystemSynchronizedGroups = (
				942D8D5A2DA31FF5003DD9C8 /* sna-stewardUITests */,
			);
			name = "sna-stewardUITests";
			packageProductDependencies = (
			);
			productName = "sna-stewardUITests";
			productReference = 942D8D572DA31FF5003DD9C8 /* sna-stewardUITests.xctest */;
			productType = "com.apple.product-type.bundle.ui-testing";
		};
/* End PBXNativeTarget section */

/* Begin PBXProject section */
		942D8D352DA31FF4003DD9C8 /* Project object */ = {
			isa = PBXProject;
			attributes = {
				BuildIndependentTargetsInParallel = 1;
				LastSwiftUpdateCheck = 1620;
				LastUpgradeCheck = 1620;
				TargetAttributes = {
					942D8D3C2DA31FF4003DD9C8 = {
						CreatedOnToolsVersion = 16.2;
					};
					942D8D4C2DA31FF5003DD9C8 = {
						CreatedOnToolsVersion = 16.2;
						TestTargetID = 942D8D3C2DA31FF4003DD9C8;
					};
					942D8D562DA31FF5003DD9C8 = {
						CreatedOnToolsVersion = 16.2;
						TestTargetID = 942D8D3C2DA31FF4003DD9C8;
					};
				};
			};
			buildConfigurationList = 942D8D382DA31FF4003DD9C8 /* Build configuration list for PBXProject "sna-steward" */;
			developmentRegion = en;
			hasScannedForEncodings = 0;
			knownRegions = (
				en,
				Base,
			);
			mainGroup = 942D8D342DA31FF4003DD9C8;
			minimizedProjectReferenceProxies = 1;
			packageReferences = (
				94EEE2AF2DB3D761008D0F81 /* XCRemoteSwiftPackageReference "supabase-swift" */,
			);
			preferredProjectObjectVersion = 77;
			productRefGroup = 942D8D3E2DA31FF4003DD9C8 /* Products */;
			projectDirPath = "";
			projectReferences = (
				{
					ProductGroup = 942D8DB42DA44AEB003DD9C8 /* Products */;
					ProjectRef = 942D8DB32DA44AEB003DD9C8 /* sna-steward.xcodeproj */;
				},
			);
			projectRoot = "";
			targets = (
				942D8D3C2DA31FF4003DD9C8 /* sna-steward */,
				942D8D4C2DA31FF5003DD9C8 /* sna-stewardTests */,
				942D8D562DA31FF5003DD9C8 /* sna-stewardUITests */,
			);
		};
/* End PBXProject section */

/* Begin PBXResourcesBuildPhase section */
		942D8D3B2DA31FF4003DD9C8 /* Resources */ = {
			isa = PBXResourcesBuildPhase;
			buildActionMask = 2147483647;
			files = (
			);
			runOnlyForDeploymentPostprocessing = 0;
		};
		942D8D4B2DA31FF5003DD9C8 /* Resources */ = {
			isa = PBXResourcesBuildPhase;
			buildActionMask = 2147483647;
			files = (
			);
			runOnlyForDeploymentPostprocessing = 0;
		};
		942D8D552DA31FF5003DD9C8 /* Resources */ = {
			isa = PBXResourcesBuildPhase;
			buildActionMask = 2147483647;
			files = (
			);
			runOnlyForDeploymentPostprocessing = 0;
		};
/* End PBXResourcesBuildPhase section */

/* Begin PBXSourcesBuildPhase section */
		942D8D392DA31FF4003DD9C8 /* Sources */ = {
			isa = PBXSourcesBuildPhase;
			buildActionMask = 2147483647;
			files = (
			);
			runOnlyForDeploymentPostprocessing = 0;
		};
		942D8D492DA31FF5003DD9C8 /* Sources */ = {
			isa = PBXSourcesBuildPhase;
			buildActionMask = 2147483647;
			files = (
			);
			runOnlyForDeploymentPostprocessing = 0;
		};
		942D8D532DA31FF5003DD9C8 /* Sources */ = {
			isa = PBXSourcesBuildPhase;
			buildActionMask = 2147483647;
			files = (
			);
			runOnlyForDeploymentPostprocessing = 0;
		};
/* End PBXSourcesBuildPhase section */

/* Begin PBXTargetDependency section */
		942D8D4F2DA31FF5003DD9C8 /* PBXTargetDependency */ = {
			isa = PBXTargetDependency;
			target = 942D8D3C2DA31FF4003DD9C8 /* sna-steward */;
			targetProxy = 942D8D4E2DA31FF5003DD9C8 /* PBXContainerItemProxy */;
		};
		942D8D592DA31FF5003DD9C8 /* PBXTargetDependency */ = {
			isa = PBXTargetDependency;
			target = 942D8D3C2DA31FF4003DD9C8 /* sna-steward */;
			targetProxy = 942D8D582DA31FF5003DD9C8 /* PBXContainerItemProxy */;
		};
/* End PBXTargetDependency section */

/* Begin XCBuildConfiguration section */
		942D8D5F2DA31FF5003DD9C8 /* Debug */ = {
			isa = XCBuildConfiguration;
			buildSettings = {
				ALWAYS_SEARCH_USER_PATHS = NO;
				ASSETCATALOG_COMPILER_GENERATE_SWIFT_ASSET_SYMBOL_EXTENSIONS = YES;
				CLANG_ANALYZER_NONNULL = YES;
				CLANG_ANALYZER_NUMBER_OBJECT_CONVERSION = YES_AGGRESSIVE;
				CLANG_CXX_LANGUAGE_STANDARD = "gnu++20";
				CLANG_ENABLE_MODULES = YES;
				CLANG_ENABLE_OBJC_ARC = YES;
				CLANG_ENABLE_OBJC_WEAK = YES;
				CLANG_WARN_BLOCK_CAPTURE_AUTORELEASING = YES;
				CLANG_WARN_BOOL_CONVERSION = YES;
				CLANG_WARN_COMMA = YES;
				CLANG_WARN_CONSTANT_CONVERSION = YES;
				CLANG_WARN_DEPRECATED_OBJC_IMPLEMENTATIONS = YES;
				CLANG_WARN_DIRECT_OBJC_ISA_USAGE = YES_ERROR;
				CLANG_WARN_DOCUMENTATION_COMMENTS = YES;
				CLANG_WARN_EMPTY_BODY = YES;
				CLANG_WARN_ENUM_CONVERSION = YES;
				CLANG_WARN_INFINITE_RECURSION = YES;
				CLANG_WARN_INT_CONVERSION = YES;
				CLANG_WARN_NON_LITERAL_NULL_CONVERSION = YES;
				CLANG_WARN_OBJC_IMPLICIT_RETAIN_SELF = YES;
				CLANG_WARN_OBJC_LITERAL_CONVERSION = YES;
				CLANG_WARN_OBJC_ROOT_CLASS = YES_ERROR;
				CLANG_WARN_QUOTED_INCLUDE_IN_FRAMEWORK_HEADER = YES;
				CLANG_WARN_RANGE_LOOP_ANALYSIS = YES;
				CLANG_WARN_STRICT_PROTOTYPES = YES;
				CLANG_WARN_SUSPICIOUS_MOVE = YES;
				CLANG_WARN_UNGUARDED_AVAILABILITY = YES_AGGRESSIVE;
				CLANG_WARN_UNREACHABLE_CODE = YES;
				CLANG_WARN__DUPLICATE_METHOD_MATCH = YES;
				COPY_PHASE_STRIP = NO;
				DEBUG_INFORMATION_FORMAT = dwarf;
				ENABLE_STRICT_OBJC_MSGSEND = YES;
				ENABLE_TESTABILITY = YES;
				ENABLE_USER_SCRIPT_SANDBOXING = YES;
				GCC_C_LANGUAGE_STANDARD = gnu17;
				GCC_DYNAMIC_NO_PIC = NO;
				GCC_NO_COMMON_BLOCKS = YES;
				GCC_OPTIMIZATION_LEVEL = 0;
				GCC_PREPROCESSOR_DEFINITIONS = (
					"DEBUG=1",
					"$(inherited)",
				);
				GCC_WARN_64_TO_32_BIT_CONVERSION = YES;
				GCC_WARN_ABOUT_RETURN_TYPE = YES_ERROR;
				GCC_WARN_UNDECLARED_SELECTOR = YES;
				GCC_WARN_UNINITIALIZED_AUTOS = YES_AGGRESSIVE;
				GCC_WARN_UNUSED_FUNCTION = YES;
				GCC_WARN_UNUSED_VARIABLE = YES;
				IPHONEOS_DEPLOYMENT_TARGET = 18.2;
				LOCALIZATION_PREFERS_STRING_CATALOGS = YES;
				MTL_ENABLE_DEBUG_INFO = INCLUDE_SOURCE;
				MTL_FAST_MATH = YES;
				ONLY_ACTIVE_ARCH = YES;
				SDKROOT = iphoneos;
				SWIFT_ACTIVE_COMPILATION_CONDITIONS = "DEBUG $(inherited)";
				SWIFT_OPTIMIZATION_LEVEL = "-Onone";
			};
			name = Debug;
		};
		942D8D602DA31FF5003DD9C8 /* Release */ = {
			isa = XCBuildConfiguration;
			buildSettings = {
				ALWAYS_SEARCH_USER_PATHS = NO;
				ASSETCATALOG_COMPILER_GENERATE_SWIFT_ASSET_SYMBOL_EXTENSIONS = YES;
				CLANG_ANALYZER_NONNULL = YES;
				CLANG_ANALYZER_NUMBER_OBJECT_CONVERSION = YES_AGGRESSIVE;
				CLANG_CXX_LANGUAGE_STANDARD = "gnu++20";
				CLANG_ENABLE_MODULES = YES;
				CLANG_ENABLE_OBJC_ARC = YES;
				CLANG_ENABLE_OBJC_WEAK = YES;
				CLANG_WARN_BLOCK_CAPTURE_AUTORELEASING = YES;
				CLANG_WARN_BOOL_CONVERSION = YES;
				CLANG_WARN_COMMA = YES;
				CLANG_WARN_CONSTANT_CONVERSION = YES;
				CLANG_WARN_DEPRECATED_OBJC_IMPLEMENTATIONS = YES;
				CLANG_WARN_DIRECT_OBJC_ISA_USAGE = YES_ERROR;
				CLANG_WARN_DOCUMENTATION_COMMENTS = YES;
				CLANG_WARN_EMPTY_BODY = YES;
				CLANG_WARN_ENUM_CONVERSION = YES;
				CLANG_WARN_INFINITE_RECURSION = YES;
				CLANG_WARN_INT_CONVERSION = YES;
				CLANG_WARN_NON_LITERAL_NULL_CONVERSION = YES;
				CLANG_WARN_OBJC_IMPLICIT_RETAIN_SELF = YES;
				CLANG_WARN_OBJC_LITERAL_CONVERSION = YES;
				CLANG_WARN_OBJC_ROOT_CLASS = YES_ERROR;
				CLANG_WARN_QUOTED_INCLUDE_IN_FRAMEWORK_HEADER = YES;
				CLANG_WARN_RANGE_LOOP_ANALYSIS = YES;
				CLANG_WARN_STRICT_PROTOTYPES = YES;
				CLANG_WARN_SUSPICIOUS_MOVE = YES;
				CLANG_WARN_UNGUARDED_AVAILABILITY = YES_AGGRESSIVE;
				CLANG_WARN_UNREACHABLE_CODE = YES;
				CLANG_WARN__DUPLICATE_METHOD_MATCH = YES;
				COPY_PHASE_STRIP = NO;
				DEBUG_INFORMATION_FORMAT = "dwarf-with-dsym";
				ENABLE_NS_ASSERTIONS = NO;
				ENABLE_STRICT_OBJC_MSGSEND = YES;
				ENABLE_USER_SCRIPT_SANDBOXING = YES;
				GCC_C_LANGUAGE_STANDARD = gnu17;
				GCC_NO_COMMON_BLOCKS = YES;
				GCC_WARN_64_TO_32_BIT_CONVERSION = YES;
				GCC_WARN_ABOUT_RETURN_TYPE = YES_ERROR;
				GCC_WARN_UNDECLARED_SELECTOR = YES;
				GCC_WARN_UNINITIALIZED_AUTOS = YES_AGGRESSIVE;
				GCC_WARN_UNUSED_FUNCTION = YES;
				GCC_WARN_UNUSED_VARIABLE = YES;
				IPHONEOS_DEPLOYMENT_TARGET = 18.2;
				LOCALIZATION_PREFERS_STRING_CATALOGS = YES;
				MTL_ENABLE_DEBUG_INFO = NO;
				MTL_FAST_MATH = YES;
				SDKROOT = iphoneos;
				SWIFT_COMPILATION_MODE = wholemodule;
				VALIDATE_PRODUCT = YES;
			};
			name = Release;
		};
		942D8D622DA31FF5003DD9C8 /* Debug */ = {
			isa = XCBuildConfiguration;
			buildSettings = {
				ASSETCATALOG_COMPILER_APPICON_NAME = AppIcon;
				ASSETCATALOG_COMPILER_GLOBAL_ACCENT_COLOR_NAME = AccentColor;
				ASSETCATALOG_COMPILER_INCLUDE_ALL_APPICON_ASSETS = NO;
				CODE_SIGN_STYLE = Automatic;
				CURRENT_PROJECT_VERSION = 1;
				DEVELOPMENT_ASSET_PATHS = "\"sna-steward/Preview Content\"";
				DEVELOPMENT_TEAM = DNTLF3BMQ6;
				ENABLE_PREVIEWS = YES;
				GENERATE_INFOPLIST_FILE = YES;
				INFOPLIST_FILE = "sna-steward/Info.plist";
				INFOPLIST_KEY_CFBundleDisplayName = "SNA Steward";
				INFOPLIST_KEY_UIApplicationSceneManifest_Generation = YES;
				INFOPLIST_KEY_UIApplicationSupportsIndirectInputEvents = YES;
				INFOPLIST_KEY_UILaunchScreen_Generation = YES;
				INFOPLIST_KEY_UISupportedInterfaceOrientations = UIInterfaceOrientationPortrait;
				INFOPLIST_KEY_UISupportedInterfaceOrientations_iPad = "UIInterfaceOrientationLandscapeLeft UIInterfaceOrientationLandscapeRight UIInterfaceOrientationPortrait UIInterfaceOrientationPortraitUpsideDown";
				IPHONEOS_DEPLOYMENT_TARGET = 17.6;
				LD_RUNPATH_SEARCH_PATHS = (
					"$(inherited)",
					"@executable_path/Frameworks",
				);
				MARKETING_VERSION = 1.0;
				PRODUCT_BUNDLE_IDENTIFIER = "com.vehrenkamp.sna-steward.sna-steward";
				PRODUCT_NAME = "$(TARGET_NAME)";
				SUPPORTED_PLATFORMS = "iphoneos iphonesimulator";
				SUPPORTS_MACCATALYST = NO;
				SUPPORTS_MAC_DESIGNED_FOR_IPHONE_IPAD = NO;
				SUPPORTS_XR_DESIGNED_FOR_IPHONE_IPAD = NO;
				SWIFT_EMIT_LOC_STRINGS = YES;
				SWIFT_VERSION = 5.0;
				TARGETED_DEVICE_FAMILY = 1;
			};
			name = Debug;
		};
		942D8D632DA31FF5003DD9C8 /* Release */ = {
			isa = XCBuildConfiguration;
			buildSettings = {
				ASSETCATALOG_COMPILER_APPICON_NAME = AppIcon;
				ASSETCATALOG_COMPILER_GLOBAL_ACCENT_COLOR_NAME = AccentColor;
				ASSETCATALOG_COMPILER_INCLUDE_ALL_APPICON_ASSETS = NO;
				CODE_SIGN_STYLE = Automatic;
				CURRENT_PROJECT_VERSION = 1;
				DEVELOPMENT_ASSET_PATHS = "\"sna-steward/Preview Content\"";
				DEVELOPMENT_TEAM = DNTLF3BMQ6;
				ENABLE_PREVIEWS = YES;
				GENERATE_INFOPLIST_FILE = YES;
				INFOPLIST_FILE = "sna-steward/Info.plist";
				INFOPLIST_KEY_CFBundleDisplayName = "SNA Steward";
				INFOPLIST_KEY_UIApplicationSceneManifest_Generation = YES;
				INFOPLIST_KEY_UIApplicationSupportsIndirectInputEvents = YES;
				INFOPLIST_KEY_UILaunchScreen_Generation = YES;
				INFOPLIST_KEY_UISupportedInterfaceOrientations = UIInterfaceOrientationPortrait;
				INFOPLIST_KEY_UISupportedInterfaceOrientations_iPad = "UIInterfaceOrientationLandscapeLeft UIInterfaceOrientationLandscapeRight UIInterfaceOrientationPortrait UIInterfaceOrientationPortraitUpsideDown";
				IPHONEOS_DEPLOYMENT_TARGET = 17.6;
				LD_RUNPATH_SEARCH_PATHS = (
					"$(inherited)",
					"@executable_path/Frameworks",
				);
				MARKETING_VERSION = 1.0;
				PRODUCT_BUNDLE_IDENTIFIER = "com.vehrenkamp.sna-steward.sna-steward";
				PRODUCT_NAME = "$(TARGET_NAME)";
				SUPPORTED_PLATFORMS = "iphoneos iphonesimulator";
				SUPPORTS_MACCATALYST = NO;
				SUPPORTS_MAC_DESIGNED_FOR_IPHONE_IPAD = NO;
				SUPPORTS_XR_DESIGNED_FOR_IPHONE_IPAD = NO;
				SWIFT_EMIT_LOC_STRINGS = YES;
				SWIFT_VERSION = 5.0;
				TARGETED_DEVICE_FAMILY = 1;
			};
			name = Release;
		};
		942D8D652DA31FF5003DD9C8 /* Debug */ = {
			isa = XCBuildConfiguration;
			buildSettings = {
				BUNDLE_LOADER = "$(TEST_HOST)";
				CODE_SIGN_STYLE = Automatic;
				CURRENT_PROJECT_VERSION = 1;
				DEVELOPMENT_TEAM = DNTLF3BMQ6;
				GENERATE_INFOPLIST_FILE = YES;
				IPHONEOS_DEPLOYMENT_TARGET = 18.2;
				MARKETING_VERSION = 1.0;
				PRODUCT_BUNDLE_IDENTIFIER = "com.vehrenkamp.sna-steward.sna-stewardTests";
				PRODUCT_NAME = "$(TARGET_NAME)";
				SWIFT_EMIT_LOC_STRINGS = NO;
				SWIFT_VERSION = 5.0;
				TARGETED_DEVICE_FAMILY = "1,2";
				TEST_HOST = "$(BUILT_PRODUCTS_DIR)/sna-steward.app/$(BUNDLE_EXECUTABLE_FOLDER_PATH)/sna-steward";
			};
			name = Debug;
		};
		942D8D662DA31FF5003DD9C8 /* Release */ = {
			isa = XCBuildConfiguration;
			buildSettings = {
				BUNDLE_LOADER = "$(TEST_HOST)";
				CODE_SIGN_STYLE = Automatic;
				CURRENT_PROJECT_VERSION = 1;
				DEVELOPMENT_TEAM = DNTLF3BMQ6;
				GENERATE_INFOPLIST_FILE = YES;
				IPHONEOS_DEPLOYMENT_TARGET = 18.2;
				MARKETING_VERSION = 1.0;
				PRODUCT_BUNDLE_IDENTIFIER = "com.vehrenkamp.sna-steward.sna-stewardTests";
				PRODUCT_NAME = "$(TARGET_NAME)";
				SWIFT_EMIT_LOC_STRINGS = NO;
				SWIFT_VERSION = 5.0;
				TARGETED_DEVICE_FAMILY = "1,2";
				TEST_HOST = "$(BUILT_PRODUCTS_DIR)/sna-steward.app/$(BUNDLE_EXECUTABLE_FOLDER_PATH)/sna-steward";
			};
			name = Release;
		};
		942D8D682DA31FF5003DD9C8 /* Debug */ = {
			isa = XCBuildConfiguration;
			buildSettings = {
				CODE_SIGN_STYLE = Automatic;
				CURRENT_PROJECT_VERSION = 1;
				DEVELOPMENT_TEAM = DNTLF3BMQ6;
				GENERATE_INFOPLIST_FILE = YES;
				MARKETING_VERSION = 1.0;
				PRODUCT_BUNDLE_IDENTIFIER = "com.vehrenkamp.sna-steward.sna-stewardUITests";
				PRODUCT_NAME = "$(TARGET_NAME)";
				SWIFT_EMIT_LOC_STRINGS = NO;
				SWIFT_VERSION = 5.0;
				TARGETED_DEVICE_FAMILY = "1,2";
				TEST_TARGET_NAME = "sna-steward";
			};
			name = Debug;
		};
		942D8D692DA31FF5003DD9C8 /* Release */ = {
			isa = XCBuildConfiguration;
			buildSettings = {
				CODE_SIGN_STYLE = Automatic;
				CURRENT_PROJECT_VERSION = 1;
				DEVELOPMENT_TEAM = DNTLF3BMQ6;
				GENERATE_INFOPLIST_FILE = YES;
				MARKETING_VERSION = 1.0;
				PRODUCT_BUNDLE_IDENTIFIER = "com.vehrenkamp.sna-steward.sna-stewardUITests";
				PRODUCT_NAME = "$(TARGET_NAME)";
				SWIFT_EMIT_LOC_STRINGS = NO;
				SWIFT_VERSION = 5.0;
				TARGETED_DEVICE_FAMILY = "1,2";
				TEST_TARGET_NAME = "sna-steward";
			};
			name = Release;
		};
/* End XCBuildConfiguration section */

/* Begin XCConfigurationList section */
		942D8D382DA31FF4003DD9C8 /* Build configuration list for PBXProject "sna-steward" */ = {
			isa = XCConfigurationList;
			buildConfigurations = (
				942D8D5F2DA31FF5003DD9C8 /* Debug */,
				942D8D602DA31FF5003DD9C8 /* Release */,
			);
			defaultConfigurationIsVisible = 0;
			defaultConfigurationName = Release;
		};
		942D8D612DA31FF5003DD9C8 /* Build configuration list for PBXNativeTarget "sna-steward" */ = {
			isa = XCConfigurationList;
			buildConfigurations = (
				942D8D622DA31FF5003DD9C8 /* Debug */,
				942D8D632DA31FF5003DD9C8 /* Release */,
			);
			defaultConfigurationIsVisible = 0;
			defaultConfigurationName = Release;
		};
		942D8D642DA31FF5003DD9C8 /* Build configuration list for PBXNativeTarget "sna-stewardTests" */ = {
			isa = XCConfigurationList;
			buildConfigurations = (
				942D8D652DA31FF5003DD9C8 /* Debug */,
				942D8D662DA31FF5003DD9C8 /* Release */,
			);
			defaultConfigurationIsVisible = 0;
			defaultConfigurationName = Release;
		};
		942D8D672DA31FF5003DD9C8 /* Build configuration list for PBXNativeTarget "sna-stewardUITests" */ = {
			isa = XCConfigurationList;
			buildConfigurations = (
				942D8D682DA31FF5003DD9C8 /* Debug */,
				942D8D692DA31FF5003DD9C8 /* Release */,
			);
			defaultConfigurationIsVisible = 0;
			defaultConfigurationName = Release;
		};
/* End XCConfigurationList section */

/* Begin XCRemoteSwiftPackageReference section */
		94EEE2AF2DB3D761008D0F81 /* XCRemoteSwiftPackageReference "supabase-swift" */ = {
			isa = XCRemoteSwiftPackageReference;
			repositoryURL = "https://github.com/supabase-community/supabase-swift";
			requirement = {
				kind = upToNextMajorVersion;
				minimumVersion = 2.5.1;
			};
		};
/* End XCRemoteSwiftPackageReference section */

/* Begin XCSwiftPackageProductDependency section */
		94EEE2B02DB3D761008D0F81 /* Auth */ = {
			isa = XCSwiftPackageProductDependency;
			package = 94EEE2AF2DB3D761008D0F81 /* XCRemoteSwiftPackageReference "supabase-swift" */;
			productName = Auth;
		};
		94EEE2B22DB3D761008D0F81 /* Functions */ = {
			isa = XCSwiftPackageProductDependency;
			package = 94EEE2AF2DB3D761008D0F81 /* XCRemoteSwiftPackageReference "supabase-swift" */;
			productName = Functions;
		};
		94EEE2B42DB3D761008D0F81 /* PostgREST */ = {
			isa = XCSwiftPackageProductDependency;
			package = 94EEE2AF2DB3D761008D0F81 /* XCRemoteSwiftPackageReference "supabase-swift" */;
			productName = PostgREST;
		};
		94EEE2B62DB3D761008D0F81 /* Storage */ = {
			isa = XCSwiftPackageProductDependency;
			package = 94EEE2AF2DB3D761008D0F81 /* XCRemoteSwiftPackageReference "supabase-swift" */;
			productName = Storage;
		};
		94EEE2B82DB3D761008D0F81 /* Supabase */ = {
			isa = XCSwiftPackageProductDependency;
			package = 94EEE2AF2DB3D761008D0F81 /* XCRemoteSwiftPackageReference "supabase-swift" */;
			productName = Supabase;
		};
/* End XCSwiftPackageProductDependency section */
	};
	rootObject = 942D8D352DA31FF4003DD9C8 /* Project object */;
}
